
Microsoft Visual Studio Solution File, Format Version 12.00
# Visual Studio 15
VisualStudioVersion = 15.0.28010.2003
MinimumVisualStudioVersion = 10.0.40219.1
Project("{FAE04EC0-301F-11D3-BF4B-00C04F79EFBC}") = "ChildMaintenanceCalculator", "ChildMaintenanceCalculator\ChildMaintenanceCalculator.csproj", "{C2474611-8E02-4CB6-9228-FF4DF092FB97}"
EndProject
Global
	GlobalSection(SolutionConfigurationPlatforms) = preSolution
		Debug|Any CPU = Debug|Any CPU
		Release|Any CPU = Release|Any CPU
	EndGlobalSection
	GlobalSection(ProjectConfigurationPlatforms) = postSolution
		{C2474611-8E02-4CB6-9228-FF4DF092FB97}.Debug|Any CPU.ActiveCfg = Debug|Any CPU
		{C2474611-8E02-4CB6-9228-FF4DF092FB97}.Debug|Any CPU.Build.0 = Debug|Any CPU
		{C2474611-8E02-4CB6-9228-FF4DF092FB97}.Release|Any CPU.ActiveCfg = Release|Any CPU
		{C2474611-8E02-4CB6-9228-FF4DF092FB97}.Release|Any CPU.Build.0 = Release|Any CPU
	EndGlobalSection
	GlobalSection(SolutionProperties) = preSolution
		HideSolutionNode = FALSE
	EndGlobalSection
	GlobalSection(ExtensibilityGlobals) = postSolution
		SolutionGuid = {ECA5E930-1CF2-40AD-BA2E-3E9B2EDBFD7B}
	EndGlobalSection
EndGlobal
